// !$*UTF8*$!
{
	archiveVersion = 1;
	classes = {
	};
	objectVersion = 46;
	objects = {

/* Begin PBXBuildFile section */
		4C8492301C9B0E510080CD27 /* AppDelegate.swift in Sources */ = {isa = PBXBuildFile; fileRef = 4C84922F1C9B0E510080CD27 /* AppDelegate.swift */; };
		4C8492321C9B0E510080CD27 /* ViewController.swift in Sources */ = {isa = PBXBuildFile; fileRef = 4C8492311C9B0E510080CD27 /* ViewController.swift */; };
		4C8492351C9B0E510080CD27 /* Main.storyboard in Resources */ = {isa = PBXBuildFile; fileRef = 4C8492331C9B0E510080CD27 /* Main.storyboard */; };
		4C8492371C9B0E510080CD27 /* Assets.xcassets in Resources */ = {isa = PBXBuildFile; fileRef = 4C8492361C9B0E510080CD27 /* Assets.xcassets */; };
		4C84923A1C9B0E510080CD27 /* LaunchScreen.storyboard in Resources */ = {isa = PBXBuildFile; fileRef = 4C8492381C9B0E510080CD27 /* LaunchScreen.storyboard */; };
		AF91EFCBDDAC23F2FB3636CF /* Pods.framework in Frameworks */ = {isa = PBXBuildFile; fileRef = 9B1CA49ECFA54C3CF605F79D /* Pods.framework */; };
/* End PBXBuildFile section */

/* Begin PBXFileReference section */
		2987D3A43B96BDCC92DB571D /* Pods.release.xcconfig */ = {isa = PBXFileReference; includeInIndex = 1; lastKnownFileType = text.xcconfig; name = Pods.release.xcconfig; path = "Pods/Target Support Files/Pods/Pods.release.xcconfig"; sourceTree = "<group>"; };
		2B88B7C39EE14A9E357D02E0 /* Pods.debug.xcconfig */ = {isa = PBXFileReference; includeInIndex = 1; lastKnownFileType = text.xcconfig; name = Pods.debug.xcconfig; path = "Pods/Target Support Files/Pods/Pods.debug.xcconfig"; sourceTree = "<group>"; };
		4C84922C1C9B0E510080CD27 /* Recipes2.app */ = {isa = PBXFileReference; explicitFileType = wrapper.application; includeInIndex = 0; path = Recipes2.app; sourceTree = BUILT_PRODUCTS_DIR; };
		4C84922F1C9B0E510080CD27 /* AppDelegate.swift */ = {isa = PBXFileReference; lastKnownFileType = sourcecode.swift; path = AppDelegate.swift; sourceTree = "<group>"; };
		4C8492311C9B0E510080CD27 /* ViewController.swift */ = {isa = PBXFileReference; lastKnownFileType = sourcecode.swift; path = ViewController.swift; sourceTree = "<group>"; };
		4C8492341C9B0E510080CD27 /* Base */ = {isa = PBXFileReference; lastKnownFileType = file.storyboard; name = Base; path = Base.lproj/Main.storyboard; sourceTree = "<group>"; };
		4C8492361C9B0E510080CD27 /* Assets.xcassets */ = {isa = PBXFileReference; lastKnownFileType = folder.assetcatalog; path = Assets.xcassets; sourceTree = "<group>"; };
		4C8492391C9B0E510080CD27 /* Base */ = {isa = PBXFileReference; lastKnownFileType = file.storyboard; name = Base; path = Base.lproj/LaunchScreen.storyboard; sourceTree = "<group>"; };
		4C84923B1C9B0E510080CD27 /* Info.plist */ = {isa = PBXFileReference; lastKnownFileType = text.plist.xml; path = Info.plist; sourceTree = "<group>"; };
		9B1CA49ECFA54C3CF605F79D /* Pods.framework */ = {isa = PBXFileReference; explicitFileType = wrapper.framework; includeInIndex = 0; path = Pods.framework; sourceTree = BUILT_PRODUCTS_DIR; };
/* End PBXFileReference section */

/* Begin PBXFrameworksBuildPhase section */
		4C8492291C9B0E510080CD27 /* Frameworks */ = {
			isa = PBXFrameworksBuildPhase;
			buildActionMask = 2147483647;
			files = (
				AF91EFCBDDAC23F2FB3636CF /* Pods.framework in Frameworks */,
			);
			runOnlyForDeploymentPostprocessing = 0;
		};
/* End PBXFrameworksBuildPhase section */

/* Begin PBXGroup section */
		304190749D601F31C9A85F0C /* Frameworks */ = {
			isa = PBXGroup;
			children = (
				9B1CA49ECFA54C3CF605F79D /* Pods.framework */,
			);
			name = Frameworks;
			sourceTree = "<group>";
		};
		4C8492231C9B0E510080CD27 = {
			isa = PBXGroup;
			children = (
				4C84922E1C9B0E510080CD27 /* Recipes2 */,
				4C84922D1C9B0E510080CD27 /* Products */,
				75D251A94E156665895BF686 /* Pods */,
				304190749D601F31C9A85F0C /* Frameworks */,
			);
			sourceTree = "<group>";
		};
		4C84922D1C9B0E510080CD27 /* Products */ = {
			isa = PBXGroup;
			children = (
				4C84922C1C9B0E510080CD27 /* Recipes2.app */,
			);
			name = Products;
			sourceTree = "<group>";
		};
		4C84922E1C9B0E510080CD27 /* Recipes2 */ = {
			isa = PBXGroup;
			children = (
				4C84922F1C9B0E510080CD27 /* AppDelegate.swift */,
				4C8492311C9B0E510080CD27 /* ViewController.swift */,
				4C8492331C9B0E510080CD27 /* Main.storyboard */,
				4C8492361C9B0E510080CD27 /* Assets.xcassets */,
				4C8492381C9B0E510080CD27 /* LaunchScreen.storyboard */,
				4C84923B1C9B0E510080CD27 /* Info.plist */,
			);
			path = Recipes2;
			sourceTree = "<group>";
		};
		75D251A94E156665895BF686 /* Pods */ = {
			isa = PBXGroup;
			children = (
				2B88B7C39EE14A9E357D02E0 /* Pods.debug.xcconfig */,
				2987D3A43B96BDCC92DB571D /* Pods.release.xcconfig */,
			);
			name = Pods;
			sourceTree = "<group>";
		};
/* End PBXGroup section */

/* Begin PBXNativeTarget section */
		4C84922B1C9B0E510080CD27 /* Recipes2 */ = {
			isa = PBXNativeTarget;
			buildConfigurationList = 4C84923E1C9B0E510080CD27 /* Build configuration list for PBXNativeTarget "Recipes2" */;
			buildPhases = (
				EF4318CE32E2616DBF175E43 /* Check Pods Manifest.lock */,
				4C8492281C9B0E510080CD27 /* Sources */,
				4C8492291C9B0E510080CD27 /* Frameworks */,
				4C84922A1C9B0E510080CD27 /* Resources */,
				DC8D7CBCE397139277E0FDF5 /* Embed Pods Frameworks */,
				10FC4501CBB07A596DB7CF12 /* Copy Pods Resources */,
			);
			buildRules = (
			);
			dependencies = (
			);
			name = Recipes2;
			productName = Recipes2;
			productReference = 4C84922C1C9B0E510080CD27 /* Recipes2.app */;
			productType = "com.apple.product-type.application";
		};
/* End PBXNativeTarget section */

/* Begin PBXProject section */
		4C8492241C9B0E510080CD27 /* Project object */ = {
			isa = PBXProject;
			attributes = {
				LastSwiftUpdateCheck = 0720;
				LastUpgradeCheck = 0720;
				ORGANIZATIONNAME = "Michael Montella";
				TargetAttributes = {
					4C84922B1C9B0E510080CD27 = {
						CreatedOnToolsVersion = 7.2.1;
					};
				};
			};
			buildConfigurationList = 4C8492271C9B0E510080CD27 /* Build configuration list for PBXProject "Recipes2" */;
			compatibilityVersion = "Xcode 3.2";
			developmentRegion = English;
			hasScannedForEncodings = 0;
			knownRegions = (
				en,
				Base,
			);
			mainGroup = 4C8492231C9B0E510080CD27;
			productRefGroup = 4C84922D1C9B0E510080CD27 /* Products */;
			projectDirPath = "";
			projectRoot = "";
			targets = (
				4C84922B1C9B0E510080CD27 /* Recipes2 */,
			);
		};
/* End PBXProject section */

/* Begin PBXResourcesBuildPhase section */
		4C84922A1C9B0E510080CD27 /* Resources */ = {
			isa = PBXResourcesBuildPhase;
			buildActionMask = 2147483647;
			files = (
				4C84923A1C9B0E510080CD27 /* LaunchScreen.storyboard in Resources */,
				4C8492371C9B0E510080CD27 /* Assets.xcassets in Resources */,
				4C8492351C9B0E510080CD27 /* Main.storyboard in Resources */,
			);
			runOnlyForDeploymentPostprocessing = 0;
		};
/* End PBXResourcesBuildPhase section */

/* Begin PBXShellScriptBuildPhase section */
		10FC4501CBB07A596DB7CF12 /* Copy Pods Resources */ = {
			isa = PBXShellScriptBuildPhase;
			buildActionMask = 2147483647;
			files = (
			);
			inputPaths = (
			);
			name = "Copy Pods Resources";
			outputPaths = (
			);
			runOnlyForDeploymentPostprocessing = 0;
			shellPath = /bin/sh;
			shellScript = "\"${SRCROOT}/Pods/Target Support Files/Pods/Pods-resources.sh\"\n";
			showEnvVarsInLog = 0;
		};
		DC8D7CBCE397139277E0FDF5 /* Embed Pods Frameworks */ = {
			isa = PBXShellScriptBuildPhase;
			buildActionMask = 2147483647;
			files = (
			);
			inputPaths = (
			);
			name = "Embed Pods Frameworks";
			outputPaths = (
			);
			runOnlyForDeploymentPostprocessing = 0;
			shellPath = /bin/sh;
			shellScript = "\"${SRCROOT}/Pods/Target Support Files/Pods/Pods-frameworks.sh\"\n";
			showEnvVarsInLog = 0;
		};
		EF4318CE32E2616DBF175E43 /* Check Pods Manifest.lock */ = {
			isa = PBXShellScriptBuildPhase;
			buildActionMask = 2147483647;
			files = (
			);
			inputPaths = (
			);
			name = "Check Pods Manifest.lock";
			outputPaths = (
			);
			runOnlyForDeploymentPostprocessing = 0;
			shellPath = /bin/sh;
			shellScript = "diff \"${PODS_ROOT}/../Podfile.lock\" \"${PODS_ROOT}/Manifest.lock\" > /dev/null\nif [[ $? != 0 ]] ; then\n    cat << EOM\nerror: The sandbox is not in sync with the Podfile.lock. Run 'pod install' or update your CocoaPods installation.\nEOM\n    exit 1\nfi\n";
			showEnvVarsInLog = 0;
		};
/* End PBXShellScriptBuildPhase section */

/* Begin PBXSourcesBuildPhase section */
		4C8492281C9B0E510080CD27 /* Sources */ = {
			isa = PBXSourcesBuildPhase;
			buildActionMask = 2147483647;
			files = (
				4C8492321C9B0E510080CD27 /* ViewController.swift in Sources */,
				4C8492301C9B0E510080CD27 /* AppDelegate.swift in Sources */,
			);
			runOnlyForDeploymentPostprocessing = 0;
		};
/* End PBXSourcesBuildPhase section */

/* Begin PBXVariantGroup section */
		4C8492331C9B0E510080CD27 /* Main.storyboard */ = {
			isa = PBXVariantGroup;
			children = (
				4C8492341C9B0E510080CD27 /* Base */,
			);
			name = Main.storyboard;
			sourceTree = "<group>";
		};
		4C8492381C9B0E510080CD27 /* LaunchScreen.storyboard */ = {
			isa = PBXVariantGroup;
			children = (
				4C8492391C9B0E510080CD27 /* Base */,
			);
			name = LaunchScreen.storyboard;
			sourceTree = "<group>";
		};
/* End PBXVariantGroup section */

/* Begin XCBuildConfiguration section */
		4C84923C1C9B0E510080CD27 /* Debug */ = {
			isa = XCBuildConfiguration;
			buildSettings = {
				ALWAYS_SEARCH_USER_PATHS = NO;
				CLANG_CXX_LANGUAGE_STANDARD = "gnu++0x";
				CLANG_CXX_LIBRARY = "libc++";
				CLANG_ENABLE_MODULES = YES;
				CLANG_ENABLE_OBJC_ARC = YES;
				CLANG_WARN_BOOL_CONVERSION = YES;
				CLANG_WARN_CONSTANT_CONVERSION = YES;
				CLANG_WARN_DIRECT_OBJC_ISA_USAGE = YES_ERROR;
				CLANG_WARN_EMPTY_BODY = YES;
				CLANG_WARN_ENUM_CONVERSION = YES;
				CLANG_WARN_INT_CONVERSION = YES;
				CLANG_WARN_OBJC_ROOT_CLASS = YES_ERROR;
				CLANG_WARN_UNREACHABLE_CODE = YES;
				CLANG_WARN__DUPLICATE_METHOD_MATCH = YES;
				"CODE_SIGN_IDENTITY[sdk=iphoneos*]" = "iPhone Developer";
				COPY_PHASE_STRIP = NO;
				DEBUG_INFORMATION_FORMAT = dwarf;
				ENABLE_STRICT_OBJC_MSGSEND = YES;
				ENABLE_TESTABILITY = YES;
				GCC_C_LANGUAGE_STANDARD = gnu99;
				GCC_DYNAMIC_NO_PIC = NO;
				GCC_NO_COMMON_BLOCKS = YES;
				GCC_OPTIMIZATION_LEVEL = 0;
				GCC_PREPROCESSOR_DEFINITIONS = (
					"DEBUG=1",
					"$(inherited)",
				);
				GCC_WARN_64_TO_32_BIT_CONVERSION = YES;
				GCC_WARN_ABOUT_RETURN_TYPE = YES_ERROR;
				GCC_WARN_UNDECLARED_SELECTOR = YES;
				GCC_WARN_UNINITIALIZED_AUTOS = YES_AGGRESSIVE;
				GCC_WARN_UNUSED_FUNCTION = YES;
				GCC_WARN_UNUSED_VARIABLE = YES;
				IPHONEOS_DEPLOYMENT_TARGET = 9.2;
				MTL_ENABLE_DEBUG_INFO = YES;
				ONLY_ACTIVE_ARCH = YES;
				SDKROOT = iphoneos;
				SWIFT_OPTIMIZATION_LEVEL = "-Onone";
			};
			name = Debug;
		};
		4C84923D1C9B0E510080CD27 /* Release */ = {
			isa = XCBuildConfiguration;
			buildSettings = {
				ALWAYS_SEARCH_USER_PATHS = NO;
				CLANG_CXX_LANGUAGE_STANDARD = "gnu++0x";
				CLANG_CXX_LIBRARY = "libc++";
				CLANG_ENABLE_MODULES = YES;
				CLANG_ENABLE_OBJC_ARC = YES;
				CLANG_WARN_BOOL_CONVERSION = YES;
				CLANG_WARN_CONSTANT_CONVERSION = YES;
				CLANG_WARN_DIRECT_OBJC_ISA_USAGE = YES_ERROR;
				CLANG_WARN_EMPTY_BODY = YES;
				CLANG_WARN_ENUM_CONVERSION = YES;
				CLANG_WARN_INT_CONVERSION = YES;
				CLANG_WARN_OBJC_ROOT_CLASS = YES_ERROR;
				CLANG_WARN_UNREACHABLE_CODE = YES;
				CLANG_WARN__DUPLICATE_METHOD_MATCH = YES;
				"CODE_SIGN_IDENTITY[sdk=iphoneos*]" = "iPhone Developer";
				COPY_PHASE_STRIP = NO;
				DEBUG_INFORMATION_FORMAT = "dwarf-with-dsym";
				ENABLE_NS_ASSERTIONS = NO;
				ENABLE_STRICT_OBJC_MSGSEND = YES;
				GCC_C_LANGUAGE_STANDARD = gnu99;
				GCC_NO_COMMON_BLOCKS = YES;
				GCC_WARN_64_TO_32_BIT_CONVERSION = YES;
				GCC_WARN_ABOUT_RETURN_TYPE = YES_ERROR;
				GCC_WARN_UNDECLARED_SELECTOR = YES;
				GCC_WARN_UNINITIALIZED_AUTOS = YES_AGGRESSIVE;
				GCC_WARN_UNUSED_FUNCTION = YES;
				GCC_WARN_UNUSED_VARIABLE = YES;
				IPHONEOS_DEPLOYMENT_TARGET = 9.2;
				MTL_ENABLE_DEBUG_INFO = NO;
				SDKROOT = iphoneos;
				VALIDATE_PRODUCT = YES;
			};
			name = Release;
		};
		4C84923F1C9B0E510080CD27 /* Debug */ = {
			isa = XCBuildConfiguration;
			baseConfigurationReference = 2B88B7C39EE14A9E357D02E0 /* Pods.debug.xcconfig */;
			buildSettings = {
				ASSETCATALOG_COMPILER_APPICON_NAME = AppIcon;
				INFOPLIST_FILE = Recipes2/Info.plist;
				LD_RUNPATH_SEARCH_PATHS = "$(inherited) @executable_path/Frameworks";
				PRODUCT_BUNDLE_IDENTIFIER = com.MichaelMontella.Recipes2;
				PRODUCT_NAME = "$(TARGET_NAME)";
			};
			name = Debug;
		};
		4C8492401C9B0E510080CD27 /* Release */ = {
			isa = XCBuildConfiguration;
			baseConfigurationReference = 2987D3A43B96BDCC92DB571D /* Pods.release.xcconfig */;
			buildSettings = {
				ASSETCATALOG_COMPILER_APPICON_NAME = AppIcon;
				INFOPLIST_FILE = Recipes2/Info.plist;
				LD_RUNPATH_SEARCH_PATHS = "$(inherited) @executable_path/Frameworks";
				PRODUCT_BUNDLE_IDENTIFIER = com.MichaelMontella.Recipes2;
				PRODUCT_NAME = "$(TARGET_NAME)";
			};
			name = Release;
		};
/* End XCBuildConfiguration section */

/* Begin XCConfigurationList section */
		4C8492271C9B0E510080CD27 /* Build configuration list for PBXProject "Recipes2" */ = {
			isa = XCConfigurationList;
			buildConfigurations = (
				4C84923C1C9B0E510080CD27 /* Debug */,
				4C84923D1C9B0E510080CD27 /* Release */,
			);
			defaultConfigurationIsVisible = 0;
			defaultConfigurationName = Release;
		};
		4C84923E1C9B0E510080CD27 /* Build configuration list for PBXNativeTarget "Recipes2" */ = {
			isa = XCConfigurationList;
			buildConfigurations = (
				4C84923F1C9B0E510080CD27 /* Debug */,
				4C8492401C9B0E510080CD27 /* Release */,
			);
			defaultConfigurationIsVisible = 0;
			defaultConfigurationName = Release;
		};
/* End XCConfigurationList section */
	};
	rootObject = 4C8492241C9B0E510080CD27 /* Project object */;
}
